
Microsoft Visual Studio Solution File, Format Version 12.00
# Visual Studio 15
Project("{FAE04EC0-301F-11D3-BF4B-00C04F79EFBC}") = "Assembly-CSharp-Editor", "Assembly-CSharp-Editor.csproj", "{50E30CEB-0E54-935C-638F-F133ACFD0455}"
EndProject
Project("{FAE04EC0-301F-11D3-BF4B-00C04F79EFBC}") = "Assembly-CSharp", "Assembly-CSharp.csproj", "{820874D5-139C-6A2C-256A-6A323F4D6F6B}"
EndProject
Global
	GlobalSection(SolutionConfigurationPlatforms) = preSolution
		Debug|Any CPU = Debug|Any CPU
		Release|Any CPU = Release|Any CPU
	EndGlobalSection
	GlobalSection(ProjectConfigurationPlatforms) = postSolution
		{50E30CEB-0E54-935C-638F-F133ACFD0455}.Debug|Any CPU.ActiveCfg = Debug|Any CPU
		{50E30CEB-0E54-935C-638F-F133ACFD0455}.Debug|Any CPU.Build.0 = Debug|Any CPU
		{50E30CEB-0E54-935C-638F-F133ACFD0455}.Release|Any CPU.ActiveCfg = Release|Any CPU
		{50E30CEB-0E54-935C-638F-F133ACFD0455}.Release|Any CPU.Build.0 = Release|Any CPU
		{820874D5-139C-6A2C-256A-6A323F4D6F6B}.Debug|Any CPU.ActiveCfg = Debug|Any CPU
		{820874D5-139C-6A2C-256A-6A323F4D6F6B}.Debug|Any CPU.Build.0 = Debug|Any CPU
		{820874D5-139C-6A2C-256A-6A323F4D6F6B}.Release|Any CPU.ActiveCfg = Release|Any CPU
		{820874D5-139C-6A2C-256A-6A323F4D6F6B}.Release|Any CPU.Build.0 = Release|Any CPU
	EndGlobalSection
	GlobalSection(SolutionProperties) = preSolution
		HideSolutionNode = FALSE
	EndGlobalSection
EndGlobal
